
Microsoft Visual Studio Solution File, Format Version 12.00
# Visual Studio Version 17
VisualStudioVersion = 17.5.33502.453
MinimumVisualStudioVersion = 10.0.40219.1
Project("{FAE04EC0-301F-11D3-BF4B-00C04F79EFBC}") = "WebMeinProfile", "WebMeinProfile\WebMeinProfile.csproj", "{465F5EAE-2005-46D7-AE77-8B1BFCD08198}"
EndProject
Global
	GlobalSection(SolutionConfigurationPlatforms) = preSolution
		Debug|Any CPU = Debug|Any CPU
		Release|Any CPU = Release|Any CPU
	EndGlobalSection
	GlobalSection(ProjectConfigurationPlatforms) = postSolution
		{465F5EAE-2005-46D7-AE77-8B1BFCD08198}.Debug|Any CPU.ActiveCfg = Debug|Any CPU
		{465F5EAE-2005-46D7-AE77-8B1BFCD08198}.Debug|Any CPU.Build.0 = Debug|Any CPU
		{465F5EAE-2005-46D7-AE77-8B1BFCD08198}.Release|Any CPU.ActiveCfg = Release|Any CPU
		{465F5EAE-2005-46D7-AE77-8B1BFCD08198}.Release|Any CPU.Build.0 = Release|Any CPU
	EndGlobalSection
	GlobalSection(SolutionProperties) = preSolution
		HideSolutionNode = FALSE
	EndGlobalSection
	GlobalSection(ExtensibilityGlobals) = postSolution
		SolutionGuid = {E080B395-EF2B-4A9B-89FE-E175FCCDC1E7}
	EndGlobalSection
EndGlobal
